// !$*UTF8*$!
{
	archiveVersion = 1;
	classes = {
	};
	objectVersion = 56;
	objects = {

/* Begin PBXBuildFile section */
		CF69760C2C9A51C300753AEE /* TweetService.swift in Sources */ = {isa = PBXBuildFile; fileRef = CF69760B2C9A51C300753AEE /* TweetService.swift */; };
		CF69760E2C9A58A200753AEE /* NewTwitterViewModel.swift in Sources */ = {isa = PBXBuildFile; fileRef = CF69760D2C9A58A200753AEE /* NewTwitterViewModel.swift */; };
		CF6976102C9A63FB00753AEE /* FeedViewModel.swift in Sources */ = {isa = PBXBuildFile; fileRef = CF69760F2C9A63FB00753AEE /* FeedViewModel.swift */; };
		CF6976122C9A645300753AEE /* Tweet.swift in Sources */ = {isa = PBXBuildFile; fileRef = CF6976112C9A645300753AEE /* Tweet.swift */; };
		CF6976142C9A798C00753AEE /* ProfileViewModel.swift in Sources */ = {isa = PBXBuildFile; fileRef = CF6976132C9A798C00753AEE /* ProfileViewModel.swift */; };
		CF6976162C9A871300753AEE /* DateFormatter.swift in Sources */ = {isa = PBXBuildFile; fileRef = CF6976152C9A871300753AEE /* DateFormatter.swift */; };
		CF700F842C9CDE490073C786 /* GoogleSignIn in Frameworks */ = {isa = PBXBuildFile; productRef = CF700F832C9CDE490073C786 /* GoogleSignIn */; };
		CF700F862C9CDE490073C786 /* GoogleSignInSwift in Frameworks */ = {isa = PBXBuildFile; productRef = CF700F852C9CDE490073C786 /* GoogleSignInSwift */; };
		CF7E6EAD2C9BB9C40099BDCB /* TweetRowViewModel.swift in Sources */ = {isa = PBXBuildFile; fileRef = CF7E6EAC2C9BB9BC0099BDCB /* TweetRowViewModel.swift */; };
		CF7E6EB02C9CABA60099BDCB /* CommentsView.swift in Sources */ = {isa = PBXBuildFile; fileRef = CF7E6EAF2C9CABA60099BDCB /* CommentsView.swift */; };
		CF7E6EB22C9CAD170099BDCB /* CommentsRowView.swift in Sources */ = {isa = PBXBuildFile; fileRef = CF7E6EB12C9CAD170099BDCB /* CommentsRowView.swift */; };
		CF7E6EB42C9CADAD0099BDCB /* CommentsViewModel.swift in Sources */ = {isa = PBXBuildFile; fileRef = CF7E6EB32C9CADA90099BDCB /* CommentsViewModel.swift */; };
		CF7E6EB62C9CADDE0099BDCB /* Comments.swift in Sources */ = {isa = PBXBuildFile; fileRef = CF7E6EB52C9CADDB0099BDCB /* Comments.swift */; };
		CF7E6EB82C9CB41F0099BDCB /* CommentsRowViewModel.swift in Sources */ = {isa = PBXBuildFile; fileRef = CF7E6EB72C9CB41B0099BDCB /* CommentsRowViewModel.swift */; };
		CFDFB8052C861A0000F624E6 /* TwitterApp.swift in Sources */ = {isa = PBXBuildFile; fileRef = CFDFB8042C861A0000F624E6 /* TwitterApp.swift */; };
		CFDFB8072C861A0000F624E6 /* ContentView.swift in Sources */ = {isa = PBXBuildFile; fileRef = CFDFB8062C861A0000F624E6 /* ContentView.swift */; };
		CFDFB80C2C861A0100F624E6 /* Preview Assets.xcassets in Resources */ = {isa = PBXBuildFile; fileRef = CFDFB80B2C861A0100F624E6 /* Preview Assets.xcassets */; };
		CFDFB81C2C861B3900F624E6 /* FeedView.swift in Sources */ = {isa = PBXBuildFile; fileRef = CFDFB81B2C861B3900F624E6 /* FeedView.swift */; };
		CFDFB81F2C861BFE00F624E6 /* TweetRowView.swift in Sources */ = {isa = PBXBuildFile; fileRef = CFDFB81E2C861BFE00F624E6 /* TweetRowView.swift */; };
		CFDFB8222C86229900F624E6 /* MainTabView.swift in Sources */ = {isa = PBXBuildFile; fileRef = CFDFB8212C86229900F624E6 /* MainTabView.swift */; };
		CFDFB8282C8624AC00F624E6 /* ExploreView.swift in Sources */ = {isa = PBXBuildFile; fileRef = CFDFB8272C8624AC00F624E6 /* ExploreView.swift */; };
		CFDFB82A2C86255300F624E6 /* NotificationsView.swift in Sources */ = {isa = PBXBuildFile; fileRef = CFDFB8292C86255300F624E6 /* NotificationsView.swift */; };
		CFDFB82C2C86257400F624E6 /* MessagesView.swift in Sources */ = {isa = PBXBuildFile; fileRef = CFDFB82B2C86257400F624E6 /* MessagesView.swift */; };
		CFDFB8302C8626C300F624E6 /* ProfileView.swift in Sources */ = {isa = PBXBuildFile; fileRef = CFDFB82F2C8626C300F624E6 /* ProfileView.swift */; };
		CFDFB8322C862F5300F624E6 /* TweetFilterViewModel.swift in Sources */ = {isa = PBXBuildFile; fileRef = CFDFB8312C862F5300F624E6 /* TweetFilterViewModel.swift */; };
		CFDFB8372C86350200F624E6 /* UserRowView.swift in Sources */ = {isa = PBXBuildFile; fileRef = CFDFB8362C86350200F624E6 /* UserRowView.swift */; };
		CFDFB83C2C8654AF00F624E6 /* SideMenuView.swift in Sources */ = {isa = PBXBuildFile; fileRef = CFDFB83B2C8654AF00F624E6 /* SideMenuView.swift */; };
		CFDFB83E2C8654C200F624E6 /* SideMenuRowView.swift in Sources */ = {isa = PBXBuildFile; fileRef = CFDFB83D2C8654C200F624E6 /* SideMenuRowView.swift */; };
		CFDFB8402C8654DA00F624E6 /* SideMenuViewModel.swift in Sources */ = {isa = PBXBuildFile; fileRef = CFDFB83F2C8654DA00F624E6 /* SideMenuViewModel.swift */; };
		CFDFB8422C86573200F624E6 /* UserStatsView.swift in Sources */ = {isa = PBXBuildFile; fileRef = CFDFB8412C86573200F624E6 /* UserStatsView.swift */; };
		CFDFB8472C86689900F624E6 /* NewTweetView.swift in Sources */ = {isa = PBXBuildFile; fileRef = CFDFB8462C86689900F624E6 /* NewTweetView.swift */; };
		CFDFB8492C866A7700F624E6 /* TextArea.swift in Sources */ = {isa = PBXBuildFile; fileRef = CFDFB8482C866A7700F624E6 /* TextArea.swift */; };
		CFDFB84E2C87B4F600F624E6 /* LoginView.swift in Sources */ = {isa = PBXBuildFile; fileRef = CFDFB84D2C87B4F600F624E6 /* LoginView.swift */; };
		CFDFB8502C87B4FF00F624E6 /* RegistrationView.swift in Sources */ = {isa = PBXBuildFile; fileRef = CFDFB84F2C87B4FF00F624E6 /* RegistrationView.swift */; };
		CFDFB8522C87B71700F624E6 /* RoundedShape.swift in Sources */ = {isa = PBXBuildFile; fileRef = CFDFB8512C87B71700F624E6 /* RoundedShape.swift */; };
		CFDFB8542C87C24400F624E6 /* CustomInputField.swift in Sources */ = {isa = PBXBuildFile; fileRef = CFDFB8532C87C24400F624E6 /* CustomInputField.swift */; };
		CFDFB8572C87D40800F624E6 /* FirebaseAuth in Frameworks */ = {isa = PBXBuildFile; productRef = CFDFB8562C87D40800F624E6 /* FirebaseAuth */; };
		CFDFB8592C87D40800F624E6 /* FirebaseFirestore in Frameworks */ = {isa = PBXBuildFile; productRef = CFDFB8582C87D40800F624E6 /* FirebaseFirestore */; };
		CFDFB85B2C87D40800F624E6 /* FirebaseStorage in Frameworks */ = {isa = PBXBuildFile; productRef = CFDFB85A2C87D40800F624E6 /* FirebaseStorage */; };
		CFDFB85D2C87D48F00F624E6 /* GoogleService-Info.plist in Resources */ = {isa = PBXBuildFile; fileRef = CFDFB85C2C87D48F00F624E6 /* GoogleService-Info.plist */; };
		CFDFB85F2C87D6C200F624E6 /* AuthViewModel.swift in Sources */ = {isa = PBXBuildFile; fileRef = CFDFB85E2C87D6C200F624E6 /* AuthViewModel.swift */; };
		CFDFB8612C8BC93C00F624E6 /* PhotoSelectorVIew.swift in Sources */ = {isa = PBXBuildFile; fileRef = CFDFB8602C8BC93C00F624E6 /* PhotoSelectorVIew.swift */; };
		CFDFB8642C8BD19A00F624E6 /* ImagePicker.swift in Sources */ = {isa = PBXBuildFile; fileRef = CFDFB8632C8BD19A00F624E6 /* ImagePicker.swift */; };
		CFDFB8662C8BDA3400F624E6 /* ImageUploader.swift in Sources */ = {isa = PBXBuildFile; fileRef = CFDFB8652C8BDA3400F624E6 /* ImageUploader.swift */; };
		CFDFB8682C8FA1A600F624E6 /* AutenticationHeaderView.swift in Sources */ = {isa = PBXBuildFile; fileRef = CFDFB8672C8FA1A600F624E6 /* AutenticationHeaderView.swift */; };
		CFDFB86A2C90DBA300F624E6 /* UserService.swift in Sources */ = {isa = PBXBuildFile; fileRef = CFDFB8692C90DBA300F624E6 /* UserService.swift */; };
		CFDFB86C2C90DED400F624E6 /* User.swift in Sources */ = {isa = PBXBuildFile; fileRef = CFDFB86B2C90DED400F624E6 /* User.swift */; };
		CFDFB86E2C90FE9700F624E6 /* ExploreViewModel.swift in Sources */ = {isa = PBXBuildFile; fileRef = CFDFB86D2C90FE9700F624E6 /* ExploreViewModel.swift */; };
		CFDFB8702C94E70100F624E6 /* SearchBar.swift in Sources */ = {isa = PBXBuildFile; fileRef = CFDFB86F2C94E70100F624E6 /* SearchBar.swift */; };
/* End PBXBuildFile section */

/* Begin PBXFileReference section */
		CF69760B2C9A51C300753AEE /* TweetService.swift */ = {isa = PBXFileReference; lastKnownFileType = sourcecode.swift; path = TweetService.swift; sourceTree = "<group>"; };
		CF69760D2C9A58A200753AEE /* NewTwitterViewModel.swift */ = {isa = PBXFileReference; lastKnownFileType = sourcecode.swift; path = NewTwitterViewModel.swift; sourceTree = "<group>"; };
		CF69760F2C9A63FB00753AEE /* FeedViewModel.swift */ = {isa = PBXFileReference; lastKnownFileType = sourcecode.swift; path = FeedViewModel.swift; sourceTree = "<group>"; };
		CF6976112C9A645300753AEE /* Tweet.swift */ = {isa = PBXFileReference; lastKnownFileType = sourcecode.swift; path = Tweet.swift; sourceTree = "<group>"; };
		CF6976132C9A798C00753AEE /* ProfileViewModel.swift */ = {isa = PBXFileReference; lastKnownFileType = sourcecode.swift; path = ProfileViewModel.swift; sourceTree = "<group>"; };
		CF6976152C9A871300753AEE /* DateFormatter.swift */ = {isa = PBXFileReference; lastKnownFileType = sourcecode.swift; path = DateFormatter.swift; sourceTree = "<group>"; };
		CF700F892C9CE7390073C786 /* Info.plist */ = {isa = PBXFileReference; lastKnownFileType = text.plist; path = Info.plist; sourceTree = "<group>"; };
		CF7E6EAC2C9BB9BC0099BDCB /* TweetRowViewModel.swift */ = {isa = PBXFileReference; lastKnownFileType = sourcecode.swift; path = TweetRowViewModel.swift; sourceTree = "<group>"; };
		CF7E6EAF2C9CABA60099BDCB /* CommentsView.swift */ = {isa = PBXFileReference; lastKnownFileType = sourcecode.swift; path = CommentsView.swift; sourceTree = "<group>"; };
		CF7E6EB12C9CAD170099BDCB /* CommentsRowView.swift */ = {isa = PBXFileReference; lastKnownFileType = sourcecode.swift; path = CommentsRowView.swift; sourceTree = "<group>"; };
		CF7E6EB32C9CADA90099BDCB /* CommentsViewModel.swift */ = {isa = PBXFileReference; lastKnownFileType = sourcecode.swift; path = CommentsViewModel.swift; sourceTree = "<group>"; };
		CF7E6EB52C9CADDB0099BDCB /* Comments.swift */ = {isa = PBXFileReference; lastKnownFileType = sourcecode.swift; path = Comments.swift; sourceTree = "<group>"; };
		CF7E6EB72C9CB41B0099BDCB /* CommentsRowViewModel.swift */ = {isa = PBXFileReference; lastKnownFileType = sourcecode.swift; path = CommentsRowViewModel.swift; sourceTree = "<group>"; };
		CFDFB8012C861A0000F624E6 /* TwitterApp.app */ = {isa = PBXFileReference; explicitFileType = wrapper.application; includeInIndex = 0; path = TwitterApp.app; sourceTree = BUILT_PRODUCTS_DIR; };
		CFDFB8042C861A0000F624E6 /* TwitterApp.swift */ = {isa = PBXFileReference; lastKnownFileType = sourcecode.swift; path = TwitterApp.swift; sourceTree = "<group>"; };
		CFDFB8062C861A0000F624E6 /* ContentView.swift */ = {isa = PBXFileReference; lastKnownFileType = sourcecode.swift; path = ContentView.swift; sourceTree = "<group>"; };
		CFDFB80B2C861A0100F624E6 /* Preview Assets.xcassets */ = {isa = PBXFileReference; lastKnownFileType = folder.assetcatalog; path = "Preview Assets.xcassets"; sourceTree = "<group>"; };
		CFDFB81B2C861B3900F624E6 /* FeedView.swift */ = {isa = PBXFileReference; lastKnownFileType = sourcecode.swift; path = FeedView.swift; sourceTree = "<group>"; };
		CFDFB81E2C861BFE00F624E6 /* TweetRowView.swift */ = {isa = PBXFileReference; lastKnownFileType = sourcecode.swift; path = TweetRowView.swift; sourceTree = "<group>"; };
		CFDFB8212C86229900F624E6 /* MainTabView.swift */ = {isa = PBXFileReference; lastKnownFileType = sourcecode.swift; path = MainTabView.swift; sourceTree = "<group>"; };
		CFDFB8272C8624AC00F624E6 /* ExploreView.swift */ = {isa = PBXFileReference; lastKnownFileType = sourcecode.swift; path = ExploreView.swift; sourceTree = "<group>"; };
		CFDFB8292C86255300F624E6 /* NotificationsView.swift */ = {isa = PBXFileReference; lastKnownFileType = sourcecode.swift; path = NotificationsView.swift; sourceTree = "<group>"; };
		CFDFB82B2C86257400F624E6 /* MessagesView.swift */ = {isa = PBXFileReference; lastKnownFileType = sourcecode.swift; path = MessagesView.swift; sourceTree = "<group>"; };
		CFDFB82F2C8626C300F624E6 /* ProfileView.swift */ = {isa = PBXFileReference; lastKnownFileType = sourcecode.swift; path = ProfileView.swift; sourceTree = "<group>"; };
		CFDFB8312C862F5300F624E6 /* TweetFilterViewModel.swift */ = {isa = PBXFileReference; lastKnownFileType = sourcecode.swift; path = TweetFilterViewModel.swift; sourceTree = "<group>"; };
		CFDFB8362C86350200F624E6 /* UserRowView.swift */ = {isa = PBXFileReference; lastKnownFileType = sourcecode.swift; path = UserRowView.swift; sourceTree = "<group>"; };
		CFDFB83B2C8654AF00F624E6 /* SideMenuView.swift */ = {isa = PBXFileReference; lastKnownFileType = sourcecode.swift; path = SideMenuView.swift; sourceTree = "<group>"; };
		CFDFB83D2C8654C200F624E6 /* SideMenuRowView.swift */ = {isa = PBXFileReference; lastKnownFileType = sourcecode.swift; path = SideMenuRowView.swift; sourceTree = "<group>"; };
		CFDFB83F2C8654DA00F624E6 /* SideMenuViewModel.swift */ = {isa = PBXFileReference; lastKnownFileType = sourcecode.swift; path = SideMenuViewModel.swift; sourceTree = "<group>"; };
		CFDFB8412C86573200F624E6 /* UserStatsView.swift */ = {isa = PBXFileReference; lastKnownFileType = sourcecode.swift; path = UserStatsView.swift; sourceTree = "<group>"; };
		CFDFB8462C86689900F624E6 /* NewTweetView.swift */ = {isa = PBXFileReference; lastKnownFileType = sourcecode.swift; path = NewTweetView.swift; sourceTree = "<group>"; };
		CFDFB8482C866A7700F624E6 /* TextArea.swift */ = {isa = PBXFileReference; lastKnownFileType = sourcecode.swift; path = TextArea.swift; sourceTree = "<group>"; };
		CFDFB84D2C87B4F600F624E6 /* LoginView.swift */ = {isa = PBXFileReference; lastKnownFileType = sourcecode.swift; path = LoginView.swift; sourceTree = "<group>"; };
		CFDFB84F2C87B4FF00F624E6 /* RegistrationView.swift */ = {isa = PBXFileReference; lastKnownFileType = sourcecode.swift; path = RegistrationView.swift; sourceTree = "<group>"; };
		CFDFB8512C87B71700F624E6 /* RoundedShape.swift */ = {isa = PBXFileReference; lastKnownFileType = sourcecode.swift; path = RoundedShape.swift; sourceTree = "<group>"; };
		CFDFB8532C87C24400F624E6 /* CustomInputField.swift */ = {isa = PBXFileReference; lastKnownFileType = sourcecode.swift; path = CustomInputField.swift; sourceTree = "<group>"; };
		CFDFB85C2C87D48F00F624E6 /* GoogleService-Info.plist */ = {isa = PBXFileReference; fileEncoding = 4; lastKnownFileType = text.plist.xml; path = "GoogleService-Info.plist"; sourceTree = "<group>"; };
		CFDFB85E2C87D6C200F624E6 /* AuthViewModel.swift */ = {isa = PBXFileReference; lastKnownFileType = sourcecode.swift; path = AuthViewModel.swift; sourceTree = "<group>"; };
		CFDFB8602C8BC93C00F624E6 /* PhotoSelectorVIew.swift */ = {isa = PBXFileReference; lastKnownFileType = sourcecode.swift; path = PhotoSelectorVIew.swift; sourceTree = "<group>"; };
		CFDFB8632C8BD19A00F624E6 /* ImagePicker.swift */ = {isa = PBXFileReference; lastKnownFileType = sourcecode.swift; path = ImagePicker.swift; sourceTree = "<group>"; };
		CFDFB8652C8BDA3400F624E6 /* ImageUploader.swift */ = {isa = PBXFileReference; lastKnownFileType = sourcecode.swift; path = ImageUploader.swift; sourceTree = "<group>"; };
		CFDFB8672C8FA1A600F624E6 /* AutenticationHeaderView.swift */ = {isa = PBXFileReference; lastKnownFileType = sourcecode.swift; path = AutenticationHeaderView.swift; sourceTree = "<group>"; };
		CFDFB8692C90DBA300F624E6 /* UserService.swift */ = {isa = PBXFileReference; lastKnownFileType = sourcecode.swift; path = UserService.swift; sourceTree = "<group>"; };
		CFDFB86B2C90DED400F624E6 /* User.swift */ = {isa = PBXFileReference; lastKnownFileType = sourcecode.swift; path = User.swift; sourceTree = "<group>"; };
		CFDFB86D2C90FE9700F624E6 /* ExploreViewModel.swift */ = {isa = PBXFileReference; lastKnownFileType = sourcecode.swift; path = ExploreViewModel.swift; sourceTree = "<group>"; };
		CFDFB86F2C94E70100F624E6 /* SearchBar.swift */ = {isa = PBXFileReference; lastKnownFileType = sourcecode.swift; path = SearchBar.swift; sourceTree = "<group>"; };
/* End PBXFileReference section */

/* Begin PBXFrameworksBuildPhase section */
		CFDFB7FE2C861A0000F624E6 /* Frameworks */ = {
			isa = PBXFrameworksBuildPhase;
			buildActionMask = 2147483647;
			files = (
				CF700F862C9CDE490073C786 /* GoogleSignInSwift in Frameworks */,
				CFDFB8572C87D40800F624E6 /* FirebaseAuth in Frameworks */,
				CF700F842C9CDE490073C786 /* GoogleSignIn in Frameworks */,
				CFDFB8592C87D40800F624E6 /* FirebaseFirestore in Frameworks */,
				CFDFB85B2C87D40800F624E6 /* FirebaseStorage in Frameworks */,
			);
			runOnlyForDeploymentPostprocessing = 0;
		};
/* End PBXFrameworksBuildPhase section */

/* Begin PBXGroup section */
		CF7E6EAA2C9BB9940099BDCB /* ViewModel */ = {
			isa = PBXGroup;
			children = (
				CF7E6EAC2C9BB9BC0099BDCB /* TweetRowViewModel.swift */,
			);
			path = ViewModel;
			sourceTree = "<group>";
		};
		CF7E6EAB2C9BB99D0099BDCB /* View */ = {
			isa = PBXGroup;
			children = (
				CFDFB81E2C861BFE00F624E6 /* TweetRowView.swift */,
			);
			path = View;
			sourceTree = "<group>";
		};
		CF7E6EAE2C9CAB8F0099BDCB /* Comments */ = {
			isa = PBXGroup;
			children = (
				CF7E6EB72C9CB41B0099BDCB /* CommentsRowViewModel.swift */,
				CF7E6EB32C9CADA90099BDCB /* CommentsViewModel.swift */,
				CF7E6EAF2C9CABA60099BDCB /* CommentsView.swift */,
				CF7E6EB12C9CAD170099BDCB /* CommentsRowView.swift */,
			);
			path = Comments;
			sourceTree = "<group>";
		};
		CFDFB7F82C861A0000F624E6 = {
			isa = PBXGroup;
			children = (
				CFDFB8032C861A0000F624E6 /* TwitterApp */,
				CFDFB8022C861A0000F624E6 /* Products */,
			);
			sourceTree = "<group>";
		};
		CFDFB8022C861A0000F624E6 /* Products */ = {
			isa = PBXGroup;
			children = (
				CFDFB8012C861A0000F624E6 /* TwitterApp.app */,
			);
			name = Products;
			sourceTree = "<group>";
		};
		CFDFB8032C861A0000F624E6 /* TwitterApp */ = {
			isa = PBXGroup;
			children = (
				CF700F892C9CE7390073C786 /* Info.plist */,
				CFDFB8622C8BD18300F624E6 /* Util */,
				CFDFB8162C861AAC00F624E6 /* Extensions */,
				CFDFB8152C861AA600F624E6 /* Service */,
				CFDFB8142C861AA200F624E6 /* Core */,
				CFDFB8122C861A9500F624E6 /* Model */,
				CFDFB8042C861A0000F624E6 /* TwitterApp.swift */,
				CFDFB8062C861A0000F624E6 /* ContentView.swift */,
				CFDFB85C2C87D48F00F624E6 /* GoogleService-Info.plist */,
				CFDFB80A2C861A0100F624E6 /* Preview Content */,
			);
			path = TwitterApp;
			sourceTree = "<group>";
		};
		CFDFB80A2C861A0100F624E6 /* Preview Content */ = {
			isa = PBXGroup;
			children = (
				CFDFB80B2C861A0100F624E6 /* Preview Assets.xcassets */,
			);
			path = "Preview Content";
			sourceTree = "<group>";
		};
		CFDFB8122C861A9500F624E6 /* Model */ = {
			isa = PBXGroup;
			children = (
				CF7E6EB52C9CADDB0099BDCB /* Comments.swift */,
				CFDFB86B2C90DED400F624E6 /* User.swift */,
				CF6976112C9A645300753AEE /* Tweet.swift */,
			);
			path = Model;
			sourceTree = "<group>";
		};
		CFDFB8142C861AA200F624E6 /* Core */ = {
			isa = PBXGroup;
			children = (
				CF7E6EAE2C9CAB8F0099BDCB /* Comments */,
				CFDFB84A2C87B4CF00F624E6 /* Autentication */,
				CFDFB8432C86687600F624E6 /* UploadTweet */,
				CFDFB8382C86547500F624E6 /* SideMenu */,
				CFDFB8172C861AB500F624E6 /* Components */,
				CFDFB8232C86245500F624E6 /* Explore */,
				CFDFB8262C86247400F624E6 /* Profile */,
				CFDFB8252C86246100F624E6 /* Messages */,
				CFDFB8242C86245B00F624E6 /* Notifications */,
				CFDFB8202C86228800F624E6 /* MainTab */,
				CFDFB8182C861ABF00F624E6 /* Feed */,
			);
			path = Core;
			sourceTree = "<group>";
		};
		CFDFB8152C861AA600F624E6 /* Service */ = {
			isa = PBXGroup;
			children = (
				CFDFB8652C8BDA3400F624E6 /* ImageUploader.swift */,
				CFDFB8692C90DBA300F624E6 /* UserService.swift */,
				CF69760B2C9A51C300753AEE /* TweetService.swift */,
			);
			path = Service;
			sourceTree = "<group>";
		};
		CFDFB8162C861AAC00F624E6 /* Extensions */ = {
			isa = PBXGroup;
			children = (
				CF6976152C9A871300753AEE /* DateFormatter.swift */,
			);
			path = Extensions;
			sourceTree = "<group>";
		};
		CFDFB8172C861AB500F624E6 /* Components */ = {
			isa = PBXGroup;
			children = (
				CFDFB8352C8634F300F624E6 /* users */,
				CFDFB81D2C861BC900F624E6 /* Tweets */,
				CFDFB8482C866A7700F624E6 /* TextArea.swift */,
				CFDFB8512C87B71700F624E6 /* RoundedShape.swift */,
				CFDFB8532C87C24400F624E6 /* CustomInputField.swift */,
				CFDFB8672C8FA1A600F624E6 /* AutenticationHeaderView.swift */,
				CFDFB86F2C94E70100F624E6 /* SearchBar.swift */,
			);
			path = Components;
			sourceTree = "<group>";
		};
		CFDFB8182C861ABF00F624E6 /* Feed */ = {
			isa = PBXGroup;
			children = (
				CFDFB81A2C861B1300F624E6 /* ViewModel */,
				CFDFB8192C861B1000F624E6 /* View */,
			);
			path = Feed;
			sourceTree = "<group>";
		};
		CFDFB8192C861B1000F624E6 /* View */ = {
			isa = PBXGroup;
			children = (
				CFDFB81B2C861B3900F624E6 /* FeedView.swift */,
			);
			path = View;
			sourceTree = "<group>";
		};
		CFDFB81A2C861B1300F624E6 /* ViewModel */ = {
			isa = PBXGroup;
			children = (
				CF69760F2C9A63FB00753AEE /* FeedViewModel.swift */,
			);
			path = ViewModel;
			sourceTree = "<group>";
		};
		CFDFB81D2C861BC900F624E6 /* Tweets */ = {
			isa = PBXGroup;
			children = (
				CF7E6EAB2C9BB99D0099BDCB /* View */,
				CF7E6EAA2C9BB9940099BDCB /* ViewModel */,
			);
			path = Tweets;
			sourceTree = "<group>";
		};
		CFDFB8202C86228800F624E6 /* MainTab */ = {
			isa = PBXGroup;
			children = (
				CFDFB8212C86229900F624E6 /* MainTabView.swift */,
			);
			path = MainTab;
			sourceTree = "<group>";
		};
		CFDFB8232C86245500F624E6 /* Explore */ = {
			isa = PBXGroup;
			children = (
				CFDFB8342C8634A600F624E6 /* ViewModel */,
				CFDFB8332C8634A300F624E6 /* View */,
			);
			path = Explore;
			sourceTree = "<group>";
		};
		CFDFB8242C86245B00F624E6 /* Notifications */ = {
			isa = PBXGroup;
			children = (
				CFDFB8292C86255300F624E6 /* NotificationsView.swift */,
			);
			path = Notifications;
			sourceTree = "<group>";
		};
		CFDFB8252C86246100F624E6 /* Messages */ = {
			isa = PBXGroup;
			children = (
				CFDFB82B2C86257400F624E6 /* MessagesView.swift */,
			);
			path = Messages;
			sourceTree = "<group>";
		};
		CFDFB8262C86247400F624E6 /* Profile */ = {
			isa = PBXGroup;
			children = (
				CFDFB82E2C8626B000F624E6 /* View */,
				CFDFB82D2C8626AB00F624E6 /* ViewModel */,
			);
			path = Profile;
			sourceTree = "<group>";
		};
		CFDFB82D2C8626AB00F624E6 /* ViewModel */ = {
			isa = PBXGroup;
			children = (
				CFDFB8312C862F5300F624E6 /* TweetFilterViewModel.swift */,
				CF6976132C9A798C00753AEE /* ProfileViewModel.swift */,
			);
			path = ViewModel;
			sourceTree = "<group>";
		};
		CFDFB82E2C8626B000F624E6 /* View */ = {
			isa = PBXGroup;
			children = (
				CFDFB82F2C8626C300F624E6 /* ProfileView.swift */,
			);
			path = View;
			sourceTree = "<group>";
		};
		CFDFB8332C8634A300F624E6 /* View */ = {
			isa = PBXGroup;
			children = (
				CFDFB8272C8624AC00F624E6 /* ExploreView.swift */,
			);
			path = View;
			sourceTree = "<group>";
		};
		CFDFB8342C8634A600F624E6 /* ViewModel */ = {
			isa = PBXGroup;
			children = (
				CFDFB86D2C90FE9700F624E6 /* ExploreViewModel.swift */,
			);
			path = ViewModel;
			sourceTree = "<group>";
		};
		CFDFB8352C8634F300F624E6 /* users */ = {
			isa = PBXGroup;
			children = (
				CFDFB8362C86350200F624E6 /* UserRowView.swift */,
				CFDFB8412C86573200F624E6 /* UserStatsView.swift */,
			);
			path = users;
			sourceTree = "<group>";
		};
		CFDFB8382C86547500F624E6 /* SideMenu */ = {
			isa = PBXGroup;
			children = (
				CFDFB83A2C8654A400F624E6 /* View */,
				CFDFB8392C8654A000F624E6 /* ViewModel */,
			);
			path = SideMenu;
			sourceTree = "<group>";
		};
		CFDFB8392C8654A000F624E6 /* ViewModel */ = {
			isa = PBXGroup;
			children = (
				CFDFB83F2C8654DA00F624E6 /* SideMenuViewModel.swift */,
			);
			path = ViewModel;
			sourceTree = "<group>";
		};
		CFDFB83A2C8654A400F624E6 /* View */ = {
			isa = PBXGroup;
			children = (
				CFDFB83B2C8654AF00F624E6 /* SideMenuView.swift */,
				CFDFB83D2C8654C200F624E6 /* SideMenuRowView.swift */,
			);
			path = View;
			sourceTree = "<group>";
		};
		CFDFB8432C86687600F624E6 /* UploadTweet */ = {
			isa = PBXGroup;
			children = (
				CFDFB8452C86688800F624E6 /* View */,
				CFDFB8442C86688400F624E6 /* ViewModel */,
			);
			path = UploadTweet;
			sourceTree = "<group>";
		};
		CFDFB8442C86688400F624E6 /* ViewModel */ = {
			isa = PBXGroup;
			children = (
				CF69760D2C9A58A200753AEE /* NewTwitterViewModel.swift */,
			);
			path = ViewModel;
			sourceTree = "<group>";
		};
		CFDFB8452C86688800F624E6 /* View */ = {
			isa = PBXGroup;
			children = (
				CFDFB8462C86689900F624E6 /* NewTweetView.swift */,
			);
			path = View;
			sourceTree = "<group>";
		};
		CFDFB84A2C87B4CF00F624E6 /* Autentication */ = {
			isa = PBXGroup;
			children = (
				CFDFB84C2C87B4DD00F624E6 /* ViewModel */,
				CFDFB84B2C87B4D800F624E6 /* View */,
			);
			path = Autentication;
			sourceTree = "<group>";
		};
		CFDFB84B2C87B4D800F624E6 /* View */ = {
			isa = PBXGroup;
			children = (
				CFDFB84D2C87B4F600F624E6 /* LoginView.swift */,
				CFDFB84F2C87B4FF00F624E6 /* RegistrationView.swift */,
				CFDFB8602C8BC93C00F624E6 /* PhotoSelectorVIew.swift */,
			);
			path = View;
			sourceTree = "<group>";
		};
		CFDFB84C2C87B4DD00F624E6 /* ViewModel */ = {
			isa = PBXGroup;
			children = (
				CFDFB85E2C87D6C200F624E6 /* AuthViewModel.swift */,
			);
			path = ViewModel;
			sourceTree = "<group>";
		};
		CFDFB8622C8BD18300F624E6 /* Util */ = {
			isa = PBXGroup;
			children = (
				CFDFB8632C8BD19A00F624E6 /* ImagePicker.swift */,
			);
			path = Util;
			sourceTree = "<group>";
		};
/* End PBXGroup section */

/* Begin PBXNativeTarget section */
		CFDFB8002C861A0000F624E6 /* TwitterApp */ = {
			isa = PBXNativeTarget;
			buildConfigurationList = CFDFB80F2C861A0100F624E6 /* Build configuration list for PBXNativeTarget "TwitterApp" */;
			buildPhases = (
				CFDFB7FD2C861A0000F624E6 /* Sources */,
				CFDFB7FE2C861A0000F624E6 /* Frameworks */,
				CFDFB7FF2C861A0000F624E6 /* Resources */,
			);
			buildRules = (
			);
			dependencies = (
			);
			name = TwitterApp;
			packageProductDependencies = (
				CFDFB8562C87D40800F624E6 /* FirebaseAuth */,
				CFDFB8582C87D40800F624E6 /* FirebaseFirestore */,
				CFDFB85A2C87D40800F624E6 /* FirebaseStorage */,
				CF700F832C9CDE490073C786 /* GoogleSignIn */,
				CF700F852C9CDE490073C786 /* GoogleSignInSwift */,
			);
			productName = TwitterApp;
			productReference = CFDFB8012C861A0000F624E6 /* TwitterApp.app */;
			productType = "com.apple.product-type.application";
		};
/* End PBXNativeTarget section */

/* Begin PBXProject section */
		CFDFB7F92C861A0000F624E6 /* Project object */ = {
			isa = PBXProject;
			attributes = {
				BuildIndependentTargetsInParallel = 1;
				LastSwiftUpdateCheck = 1540;
				LastUpgradeCheck = 1540;
				TargetAttributes = {
					CFDFB8002C861A0000F624E6 = {
						CreatedOnToolsVersion = 15.4;
					};
				};
			};
			buildConfigurationList = CFDFB7FC2C861A0000F624E6 /* Build configuration list for PBXProject "TwitterApp" */;
			compatibilityVersion = "Xcode 14.0";
			developmentRegion = en;
			hasScannedForEncodings = 0;
			knownRegions = (
				en,
				Base,
			);
			mainGroup = CFDFB7F82C861A0000F624E6;
			packageReferences = (
				CFDFB8552C87D40800F624E6 /* XCRemoteSwiftPackageReference "firebase-ios-sdk" */,
				CF700F822C9CDE490073C786 /* XCRemoteSwiftPackageReference "GoogleSignIn-iOS" */,
			);
			productRefGroup = CFDFB8022C861A0000F624E6 /* Products */;
			projectDirPath = "";
			projectRoot = "";
			targets = (
				CFDFB8002C861A0000F624E6 /* TwitterApp */,
			);
		};
/* End PBXProject section */

/* Begin PBXResourcesBuildPhase section */
		CFDFB7FF2C861A0000F624E6 /* Resources */ = {
			isa = PBXResourcesBuildPhase;
			buildActionMask = 2147483647;
			files = (
				CFDFB80C2C861A0100F624E6 /* Preview Assets.xcassets in Resources */,
				CFDFB85D2C87D48F00F624E6 /* GoogleService-Info.plist in Resources */,
			);
			runOnlyForDeploymentPostprocessing = 0;
		};
/* End PBXResourcesBuildPhase section */

/* Begin PBXSourcesBuildPhase section */
		CFDFB7FD2C861A0000F624E6 /* Sources */ = {
			isa = PBXSourcesBuildPhase;
			buildActionMask = 2147483647;
			files = (
				CF6976162C9A871300753AEE /* DateFormatter.swift in Sources */,
				CFDFB82C2C86257400F624E6 /* MessagesView.swift in Sources */,
				CFDFB8302C8626C300F624E6 /* ProfileView.swift in Sources */,
				CFDFB86A2C90DBA300F624E6 /* UserService.swift in Sources */,
				CFDFB8682C8FA1A600F624E6 /* AutenticationHeaderView.swift in Sources */,
				CFDFB8662C8BDA3400F624E6 /* ImageUploader.swift in Sources */,
				CF6976122C9A645300753AEE /* Tweet.swift in Sources */,
				CF6976102C9A63FB00753AEE /* FeedViewModel.swift in Sources */,
				CFDFB8072C861A0000F624E6 /* ContentView.swift in Sources */,
				CF7E6EB82C9CB41F0099BDCB /* CommentsRowViewModel.swift in Sources */,
				CFDFB83E2C8654C200F624E6 /* SideMenuRowView.swift in Sources */,
				CFDFB8542C87C24400F624E6 /* CustomInputField.swift in Sources */,
				CF7E6EAD2C9BB9C40099BDCB /* TweetRowViewModel.swift in Sources */,
				CFDFB81F2C861BFE00F624E6 /* TweetRowView.swift in Sources */,
				CFDFB8322C862F5300F624E6 /* TweetFilterViewModel.swift in Sources */,
				CFDFB81C2C861B3900F624E6 /* FeedView.swift in Sources */,
				CFDFB83C2C8654AF00F624E6 /* SideMenuView.swift in Sources */,
				CFDFB86E2C90FE9700F624E6 /* ExploreViewModel.swift in Sources */,
				CFDFB8052C861A0000F624E6 /* TwitterApp.swift in Sources */,
				CFDFB8282C8624AC00F624E6 /* ExploreView.swift in Sources */,
				CF69760C2C9A51C300753AEE /* TweetService.swift in Sources */,
				CF7E6EB42C9CADAD0099BDCB /* CommentsViewModel.swift in Sources */,
				CF7E6EB02C9CABA60099BDCB /* CommentsView.swift in Sources */,
				CFDFB8492C866A7700F624E6 /* TextArea.swift in Sources */,
				CFDFB8612C8BC93C00F624E6 /* PhotoSelectorVIew.swift in Sources */,
				CFDFB8702C94E70100F624E6 /* SearchBar.swift in Sources */,
				CFDFB8402C8654DA00F624E6 /* SideMenuViewModel.swift in Sources */,
				CFDFB84E2C87B4F600F624E6 /* LoginView.swift in Sources */,
				CF7E6EB22C9CAD170099BDCB /* CommentsRowView.swift in Sources */,
				CFDFB8502C87B4FF00F624E6 /* RegistrationView.swift in Sources */,
				CFDFB8472C86689900F624E6 /* NewTweetView.swift in Sources */,
				CFDFB86C2C90DED400F624E6 /* User.swift in Sources */,
				CFDFB8522C87B71700F624E6 /* RoundedShape.swift in Sources */,
				CF7E6EB62C9CADDE0099BDCB /* Comments.swift in Sources */,
				CFDFB8372C86350200F624E6 /* UserRowView.swift in Sources */,
				CFDFB85F2C87D6C200F624E6 /* AuthViewModel.swift in Sources */,
				CFDFB8222C86229900F624E6 /* MainTabView.swift in Sources */,
				CFDFB8642C8BD19A00F624E6 /* ImagePicker.swift in Sources */,
				CF69760E2C9A58A200753AEE /* NewTwitterViewModel.swift in Sources */,
				CFDFB82A2C86255300F624E6 /* NotificationsView.swift in Sources */,
				CFDFB8422C86573200F624E6 /* UserStatsView.swift in Sources */,
				CF6976142C9A798C00753AEE /* ProfileViewModel.swift in Sources */,
			);
			runOnlyForDeploymentPostprocessing = 0;
		};
/* End PBXSourcesBuildPhase section */

/* Begin XCBuildConfiguration section */
		CFDFB80D2C861A0100F624E6 /* Debug */ = {
			isa = XCBuildConfiguration;
			buildSettings = {
				ALWAYS_SEARCH_USER_PATHS = NO;
				ASSETCATALOG_COMPILER_GENERATE_SWIFT_ASSET_SYMBOL_EXTENSIONS = YES;
				CLANG_ANALYZER_NONNULL = YES;
				CLANG_ANALYZER_NUMBER_OBJECT_CONVERSION = YES_AGGRESSIVE;
				CLANG_CXX_LANGUAGE_STANDARD = "gnu++20";
				CLANG_ENABLE_MODULES = YES;
				CLANG_ENABLE_OBJC_ARC = YES;
				CLANG_ENABLE_OBJC_WEAK = YES;
				CLANG_WARN_BLOCK_CAPTURE_AUTORELEASING = YES;
				CLANG_WARN_BOOL_CONVERSION = YES;
				CLANG_WARN_COMMA = YES;
				CLANG_WARN_CONSTANT_CONVERSION = YES;
				CLANG_WARN_DEPRECATED_OBJC_IMPLEMENTATIONS = YES;
				CLANG_WARN_DIRECT_OBJC_ISA_USAGE = YES_ERROR;
				CLANG_WARN_DOCUMENTATION_COMMENTS = YES;
				CLANG_WARN_EMPTY_BODY = YES;
				CLANG_WARN_ENUM_CONVERSION = YES;
				CLANG_WARN_INFINITE_RECURSION = YES;
				CLANG_WARN_INT_CONVERSION = YES;
				CLANG_WARN_NON_LITERAL_NULL_CONVERSION = YES;
				CLANG_WARN_OBJC_IMPLICIT_RETAIN_SELF = YES;
				CLANG_WARN_OBJC_LITERAL_CONVERSION = YES;
				CLANG_WARN_OBJC_ROOT_CLASS = YES_ERROR;
				CLANG_WARN_QUOTED_INCLUDE_IN_FRAMEWORK_HEADER = YES;
				CLANG_WARN_RANGE_LOOP_ANALYSIS = YES;
				CLANG_WARN_STRICT_PROTOTYPES = YES;
				CLANG_WARN_SUSPICIOUS_MOVE = YES;
				CLANG_WARN_UNGUARDED_AVAILABILITY = YES_AGGRESSIVE;
				CLANG_WARN_UNREACHABLE_CODE = YES;
				CLANG_WARN__DUPLICATE_METHOD_MATCH = YES;
				COPY_PHASE_STRIP = NO;
				DEBUG_INFORMATION_FORMAT = dwarf;
				ENABLE_STRICT_OBJC_MSGSEND = YES;
				ENABLE_TESTABILITY = YES;
				ENABLE_USER_SCRIPT_SANDBOXING = YES;
				GCC_C_LANGUAGE_STANDARD = gnu17;
				GCC_DYNAMIC_NO_PIC = NO;
				GCC_NO_COMMON_BLOCKS = YES;
				GCC_OPTIMIZATION_LEVEL = 0;
				GCC_PREPROCESSOR_DEFINITIONS = (
					"DEBUG=1",
					"$(inherited)",
				);
				GCC_WARN_64_TO_32_BIT_CONVERSION = YES;
				GCC_WARN_ABOUT_RETURN_TYPE = YES_ERROR;
				GCC_WARN_UNDECLARED_SELECTOR = YES;
				GCC_WARN_UNINITIALIZED_AUTOS = YES_AGGRESSIVE;
				GCC_WARN_UNUSED_FUNCTION = YES;
				GCC_WARN_UNUSED_VARIABLE = YES;
				IPHONEOS_DEPLOYMENT_TARGET = 17.5;
				LOCALIZATION_PREFERS_STRING_CATALOGS = YES;
				MTL_ENABLE_DEBUG_INFO = INCLUDE_SOURCE;
				MTL_FAST_MATH = YES;
				ONLY_ACTIVE_ARCH = YES;
				SDKROOT = iphoneos;
				SWIFT_ACTIVE_COMPILATION_CONDITIONS = "DEBUG $(inherited)";
				SWIFT_OPTIMIZATION_LEVEL = "-Onone";
			};
			name = Debug;
		};
		CFDFB80E2C861A0100F624E6 /* Release */ = {
			isa = XCBuildConfiguration;
			buildSettings = {
				ALWAYS_SEARCH_USER_PATHS = NO;
				ASSETCATALOG_COMPILER_GENERATE_SWIFT_ASSET_SYMBOL_EXTENSIONS = YES;
				CLANG_ANALYZER_NONNULL = YES;
				CLANG_ANALYZER_NUMBER_OBJECT_CONVERSION = YES_AGGRESSIVE;
				CLANG_CXX_LANGUAGE_STANDARD = "gnu++20";
				CLANG_ENABLE_MODULES = YES;
				CLANG_ENABLE_OBJC_ARC = YES;
				CLANG_ENABLE_OBJC_WEAK = YES;
				CLANG_WARN_BLOCK_CAPTURE_AUTORELEASING = YES;
				CLANG_WARN_BOOL_CONVERSION = YES;
				CLANG_WARN_COMMA = YES;
				CLANG_WARN_CONSTANT_CONVERSION = YES;
				CLANG_WARN_DEPRECATED_OBJC_IMPLEMENTATIONS = YES;
				CLANG_WARN_DIRECT_OBJC_ISA_USAGE = YES_ERROR;
				CLANG_WARN_DOCUMENTATION_COMMENTS = YES;
				CLANG_WARN_EMPTY_BODY = YES;
				CLANG_WARN_ENUM_CONVERSION = YES;
				CLANG_WARN_INFINITE_RECURSION = YES;
				CLANG_WARN_INT_CONVERSION = YES;
				CLANG_WARN_NON_LITERAL_NULL_CONVERSION = YES;
				CLANG_WARN_OBJC_IMPLICIT_RETAIN_SELF = YES;
				CLANG_WARN_OBJC_LITERAL_CONVERSION = YES;
				CLANG_WARN_OBJC_ROOT_CLASS = YES_ERROR;
				CLANG_WARN_QUOTED_INCLUDE_IN_FRAMEWORK_HEADER = YES;
				CLANG_WARN_RANGE_LOOP_ANALYSIS = YES;
				CLANG_WARN_STRICT_PROTOTYPES = YES;
				CLANG_WARN_SUSPICIOUS_MOVE = YES;
				CLANG_WARN_UNGUARDED_AVAILABILITY = YES_AGGRESSIVE;
				CLANG_WARN_UNREACHABLE_CODE = YES;
				CLANG_WARN__DUPLICATE_METHOD_MATCH = YES;
				COPY_PHASE_STRIP = NO;
				DEBUG_INFORMATION_FORMAT = "dwarf-with-dsym";
				ENABLE_NS_ASSERTIONS = NO;
				ENABLE_STRICT_OBJC_MSGSEND = YES;
				ENABLE_USER_SCRIPT_SANDBOXING = YES;
				GCC_C_LANGUAGE_STANDARD = gnu17;
				GCC_NO_COMMON_BLOCKS = YES;
				GCC_WARN_64_TO_32_BIT_CONVERSION = YES;
				GCC_WARN_ABOUT_RETURN_TYPE = YES_ERROR;
				GCC_WARN_UNDECLARED_SELECTOR = YES;
				GCC_WARN_UNINITIALIZED_AUTOS = YES_AGGRESSIVE;
				GCC_WARN_UNUSED_FUNCTION = YES;
				GCC_WARN_UNUSED_VARIABLE = YES;
				IPHONEOS_DEPLOYMENT_TARGET = 17.5;
				LOCALIZATION_PREFERS_STRING_CATALOGS = YES;
				MTL_ENABLE_DEBUG_INFO = NO;
				MTL_FAST_MATH = YES;
				SDKROOT = iphoneos;
				SWIFT_COMPILATION_MODE = wholemodule;
				VALIDATE_PRODUCT = YES;
			};
			name = Release;
		};
		CFDFB8102C861A0100F624E6 /* Debug */ = {
			isa = XCBuildConfiguration;
			buildSettings = {
				ASSETCATALOG_COMPILER_APPICON_NAME = AppIcon;
				ASSETCATALOG_COMPILER_GLOBAL_ACCENT_COLOR_NAME = AccentColor;
				CODE_SIGN_STYLE = Automatic;
				CURRENT_PROJECT_VERSION = 1;
				DEVELOPMENT_ASSET_PATHS = "\"TwitterApp/Preview Content\"";
				DEVELOPMENT_TEAM = L5U287N3KD;
				ENABLE_PREVIEWS = YES;
				GENERATE_INFOPLIST_FILE = YES;
				INFOPLIST_FILE = TwitterApp/Info.plist;
				INFOPLIST_KEY_UIApplicationSceneManifest_Generation = YES;
				INFOPLIST_KEY_UIApplicationSupportsIndirectInputEvents = YES;
				INFOPLIST_KEY_UILaunchScreen_Generation = YES;
				INFOPLIST_KEY_UISupportedInterfaceOrientations_iPad = "UIInterfaceOrientationPortrait UIInterfaceOrientationPortraitUpsideDown UIInterfaceOrientationLandscapeLeft UIInterfaceOrientationLandscapeRight";
				INFOPLIST_KEY_UISupportedInterfaceOrientations_iPhone = "UIInterfaceOrientationPortrait UIInterfaceOrientationLandscapeLeft UIInterfaceOrientationLandscapeRight";
				IPHONEOS_DEPLOYMENT_TARGET = 17.5;
				LD_RUNPATH_SEARCH_PATHS = (
					"$(inherited)",
					"@executable_path/Frameworks",
				);
				MARKETING_VERSION = 1.0;
				PRODUCT_BUNDLE_IDENTIFIER = jamersonmacedo.TwitterApp;
				PRODUCT_NAME = "$(TARGET_NAME)";
				SWIFT_EMIT_LOC_STRINGS = YES;
				SWIFT_VERSION = 5.0;
				TARGETED_DEVICE_FAMILY = "1,2";
			};
			name = Debug;
		};
		CFDFB8112C861A0100F624E6 /* Release */ = {
			isa = XCBuildConfiguration;
			buildSettings = {
				ASSETCATALOG_COMPILER_APPICON_NAME = AppIcon;
				ASSETCATALOG_COMPILER_GLOBAL_ACCENT_COLOR_NAME = AccentColor;
				CODE_SIGN_STYLE = Automatic;
				CURRENT_PROJECT_VERSION = 1;
				DEVELOPMENT_ASSET_PATHS = "\"TwitterApp/Preview Content\"";
				DEVELOPMENT_TEAM = L5U287N3KD;
				ENABLE_PREVIEWS = YES;
				GENERATE_INFOPLIST_FILE = YES;
				INFOPLIST_FILE = TwitterApp/Info.plist;
				INFOPLIST_KEY_UIApplicationSceneManifest_Generation = YES;
				INFOPLIST_KEY_UIApplicationSupportsIndirectInputEvents = YES;
				INFOPLIST_KEY_UILaunchScreen_Generation = YES;
				INFOPLIST_KEY_UISupportedInterfaceOrientations_iPad = "UIInterfaceOrientationPortrait UIInterfaceOrientationPortraitUpsideDown UIInterfaceOrientationLandscapeLeft UIInterfaceOrientationLandscapeRight";
				INFOPLIST_KEY_UISupportedInterfaceOrientations_iPhone = "UIInterfaceOrientationPortrait UIInterfaceOrientationLandscapeLeft UIInterfaceOrientationLandscapeRight";
				IPHONEOS_DEPLOYMENT_TARGET = 17.5;
				LD_RUNPATH_SEARCH_PATHS = (
					"$(inherited)",
					"@executable_path/Frameworks",
				);
				MARKETING_VERSION = 1.0;
				PRODUCT_BUNDLE_IDENTIFIER = jamersonmacedo.TwitterApp;
				PRODUCT_NAME = "$(TARGET_NAME)";
				SWIFT_EMIT_LOC_STRINGS = YES;
				SWIFT_VERSION = 5.0;
				TARGETED_DEVICE_FAMILY = "1,2";
			};
			name = Release;
		};
/* End XCBuildConfiguration section */

/* Begin XCConfigurationList section */
		CFDFB7FC2C861A0000F624E6 /* Build configuration list for PBXProject "TwitterApp" */ = {
			isa = XCConfigurationList;
			buildConfigurations = (
				CFDFB80D2C861A0100F624E6 /* Debug */,
				CFDFB80E2C861A0100F624E6 /* Release */,
			);
			defaultConfigurationIsVisible = 0;
			defaultConfigurationName = Release;
		};
		CFDFB80F2C861A0100F624E6 /* Build configuration list for PBXNativeTarget "TwitterApp" */ = {
			isa = XCConfigurationList;
			buildConfigurations = (
				CFDFB8102C861A0100F624E6 /* Debug */,
				CFDFB8112C861A0100F624E6 /* Release */,
			);
			defaultConfigurationIsVisible = 0;
			defaultConfigurationName = Release;
		};
/* End XCConfigurationList section */

/* Begin XCRemoteSwiftPackageReference section */
		CF700F822C9CDE490073C786 /* XCRemoteSwiftPackageReference "GoogleSignIn-iOS" */ = {
			isa = XCRemoteSwiftPackageReference;
			repositoryURL = "https://github.com/google/GoogleSignIn-iOS";
			requirement = {
				kind = upToNextMajorVersion;
				minimumVersion = 8.0.0;
			};
		};
		CFDFB8552C87D40800F624E6 /* XCRemoteSwiftPackageReference "firebase-ios-sdk" */ = {
			isa = XCRemoteSwiftPackageReference;
			repositoryURL = "https://github.com/firebase/firebase-ios-sdk";
			requirement = {
				kind = upToNextMajorVersion;
				minimumVersion = 11.1.0;
			};
		};
/* End XCRemoteSwiftPackageReference section */

/* Begin XCSwiftPackageProductDependency section */
		CF700F832C9CDE490073C786 /* GoogleSignIn */ = {
			isa = XCSwiftPackageProductDependency;
			package = CF700F822C9CDE490073C786 /* XCRemoteSwiftPackageReference "GoogleSignIn-iOS" */;
			productName = GoogleSignIn;
		};
		CF700F852C9CDE490073C786 /* GoogleSignInSwift */ = {
			isa = XCSwiftPackageProductDependency;
			package = CF700F822C9CDE490073C786 /* XCRemoteSwiftPackageReference "GoogleSignIn-iOS" */;
			productName = GoogleSignInSwift;
		};
		CFDFB8562C87D40800F624E6 /* FirebaseAuth */ = {
			isa = XCSwiftPackageProductDependency;
			package = CFDFB8552C87D40800F624E6 /* XCRemoteSwiftPackageReference "firebase-ios-sdk" */;
			productName = FirebaseAuth;
		};
		CFDFB8582C87D40800F624E6 /* FirebaseFirestore */ = {
			isa = XCSwiftPackageProductDependency;
			package = CFDFB8552C87D40800F624E6 /* XCRemoteSwiftPackageReference "firebase-ios-sdk" */;
			productName = FirebaseFirestore;
		};
		CFDFB85A2C87D40800F624E6 /* FirebaseStorage */ = {
			isa = XCSwiftPackageProductDependency;
			package = CFDFB8552C87D40800F624E6 /* XCRemoteSwiftPackageReference "firebase-ios-sdk" */;
			productName = FirebaseStorage;
		};
/* End XCSwiftPackageProductDependency section */
	};
	rootObject = CFDFB7F92C861A0000F624E6 /* Project object */;
}
